
Microsoft Visual Studio Solution File, Format Version 12.00
# Visual Studio Version 17
VisualStudioVersion = 17.5.33627.172
MinimumVisualStudioVersion = 10.0.40219.1
Project("{9A19103F-16F7-4668-BE54-9A1E7A4F7556}") = "CommandLineApp1", "CommandLineApp1\CommandLineApp1.csproj", "{F8B74F5A-8CD8-453C-ADD7-49CC6153D2BD}"
EndProject
Project("{9A19103F-16F7-4668-BE54-9A1E7A4F7556}") = "ConsoleApp1", "ConsoleApp1\ConsoleApp1.csproj", "{73164BE8-0E8E-4CF3-8F14-81370B7A22BF}"
EndProject
Project("{9A19103F-16F7-4668-BE54-9A1E7A4F7556}") = "CommandLineApp2", "CommandLineApp2\CommandLineApp2.csproj", "{40707A8E-11C5-414C-BF85-40ED383F03C9}"
EndProject
Project("{9A19103F-16F7-4668-BE54-9A1E7A4F7556}") = "CommandLineApp3", "CommandLineApp3\CommandLineApp3.csproj", "{C94A3A3F-55EE-427B-A0C0-F71DEBDCC530}"
EndProject
Project("{9A19103F-16F7-4668-BE54-9A1E7A4F7556}") = "CommandLineApp4a", "CommandLineApp4a\CommandLineApp4a.csproj", "{081FA05D-7E26-4BDA-94E2-159AFCCA2AA5}"
EndProject
Project("{9A19103F-16F7-4668-BE54-9A1E7A4F7556}") = "CommandLineApp4b", "CommandLineApp4b\CommandLineApp4b.csproj", "{AF66CF4D-D09D-4573-8995-652E59137CA5}"
EndProject
Project("{9A19103F-16F7-4668-BE54-9A1E7A4F7556}") = "CommandLineApp4c", "CommandLineApp4c\CommandLineApp4c.csproj", "{D16CEA37-BB6B-4867-AF4C-5535A7C5596F}"
EndProject
Global
	GlobalSection(SolutionConfigurationPlatforms) = preSolution
		Debug|Any CPU = Debug|Any CPU
		Release|Any CPU = Release|Any CPU
	EndGlobalSection
	GlobalSection(ProjectConfigurationPlatforms) = postSolution
		{F8B74F5A-8CD8-453C-ADD7-49CC6153D2BD}.Debug|Any CPU.ActiveCfg = Debug|Any CPU
		{F8B74F5A-8CD8-453C-ADD7-49CC6153D2BD}.Debug|Any CPU.Build.0 = Debug|Any CPU
		{F8B74F5A-8CD8-453C-ADD7-49CC6153D2BD}.Release|Any CPU.ActiveCfg = Release|Any CPU
		{F8B74F5A-8CD8-453C-ADD7-49CC6153D2BD}.Release|Any CPU.Build.0 = Release|Any CPU
		{73164BE8-0E8E-4CF3-8F14-81370B7A22BF}.Debug|Any CPU.ActiveCfg = Debug|Any CPU
		{73164BE8-0E8E-4CF3-8F14-81370B7A22BF}.Debug|Any CPU.Build.0 = Debug|Any CPU
		{73164BE8-0E8E-4CF3-8F14-81370B7A22BF}.Release|Any CPU.ActiveCfg = Release|Any CPU
		{73164BE8-0E8E-4CF3-8F14-81370B7A22BF}.Release|Any CPU.Build.0 = Release|Any CPU
		{40707A8E-11C5-414C-BF85-40ED383F03C9}.Debug|Any CPU.ActiveCfg = Debug|Any CPU
		{40707A8E-11C5-414C-BF85-40ED383F03C9}.Debug|Any CPU.Build.0 = Debug|Any CPU
		{40707A8E-11C5-414C-BF85-40ED383F03C9}.Release|Any CPU.ActiveCfg = Release|Any CPU
		{40707A8E-11C5-414C-BF85-40ED383F03C9}.Release|Any CPU.Build.0 = Release|Any CPU
		{C94A3A3F-55EE-427B-A0C0-F71DEBDCC530}.Debug|Any CPU.ActiveCfg = Debug|Any CPU
		{C94A3A3F-55EE-427B-A0C0-F71DEBDCC530}.Debug|Any CPU.Build.0 = Debug|Any CPU
		{C94A3A3F-55EE-427B-A0C0-F71DEBDCC530}.Release|Any CPU.ActiveCfg = Release|Any CPU
		{C94A3A3F-55EE-427B-A0C0-F71DEBDCC530}.Release|Any CPU.Build.0 = Release|Any CPU
		{081FA05D-7E26-4BDA-94E2-159AFCCA2AA5}.Debug|Any CPU.ActiveCfg = Debug|Any CPU
		{081FA05D-7E26-4BDA-94E2-159AFCCA2AA5}.Debug|Any CPU.Build.0 = Debug|Any CPU
		{081FA05D-7E26-4BDA-94E2-159AFCCA2AA5}.Release|Any CPU.ActiveCfg = Release|Any CPU
		{081FA05D-7E26-4BDA-94E2-159AFCCA2AA5}.Release|Any CPU.Build.0 = Release|Any CPU
		{AF66CF4D-D09D-4573-8995-652E59137CA5}.Debug|Any CPU.ActiveCfg = Debug|Any CPU
		{AF66CF4D-D09D-4573-8995-652E59137CA5}.Debug|Any CPU.Build.0 = Debug|Any CPU
		{AF66CF4D-D09D-4573-8995-652E59137CA5}.Release|Any CPU.ActiveCfg = Release|Any CPU
		{AF66CF4D-D09D-4573-8995-652E59137CA5}.Release|Any CPU.Build.0 = Release|Any CPU
		{D16CEA37-BB6B-4867-AF4C-5535A7C5596F}.Debug|Any CPU.ActiveCfg = Debug|Any CPU
		{D16CEA37-BB6B-4867-AF4C-5535A7C5596F}.Debug|Any CPU.Build.0 = Debug|Any CPU
		{D16CEA37-BB6B-4867-AF4C-5535A7C5596F}.Release|Any CPU.ActiveCfg = Release|Any CPU
		{D16CEA37-BB6B-4867-AF4C-5535A7C5596F}.Release|Any CPU.Build.0 = Release|Any CPU
	EndGlobalSection
	GlobalSection(SolutionProperties) = preSolution
		HideSolutionNode = FALSE
	EndGlobalSection
	GlobalSection(ExtensibilityGlobals) = postSolution
		SolutionGuid = {C1F7D1DC-EE8B-4878-B1B2-83B0CEE787FE}
	EndGlobalSection
EndGlobal
