
Microsoft Visual Studio Solution File, Format Version 12.00
# Visual Studio Version 17
VisualStudioVersion = 17.7.33913.275
MinimumVisualStudioVersion = 10.0.40219.1
Project("{9A19103F-16F7-4668-BE54-9A1E7A4F7556}") = "IllustrateParseResult", "IllustrateParseResult\IllustrateParseResult.csproj", "{4D032D26-C642-47F8-AAC8-A47C4D37AE50}"
EndProject
Project("{FAE04EC0-301F-11D3-BF4B-00C04F79EFBC}") = "ConsumeParseResult", "ConsumeParseResult\ConsumeParseResult.csproj", "{2F5AD65E-4862-4D42-BA88-5A45363C5D0D}"
EndProject
Global
	GlobalSection(SolutionConfigurationPlatforms) = preSolution
		Debug|Any CPU = Debug|Any CPU
		Release|Any CPU = Release|Any CPU
	EndGlobalSection
	GlobalSection(ProjectConfigurationPlatforms) = postSolution
		{4D032D26-C642-47F8-AAC8-A47C4D37AE50}.Debug|Any CPU.ActiveCfg = Debug|Any CPU
		{4D032D26-C642-47F8-AAC8-A47C4D37AE50}.Debug|Any CPU.Build.0 = Debug|Any CPU
		{4D032D26-C642-47F8-AAC8-A47C4D37AE50}.Release|Any CPU.ActiveCfg = Release|Any CPU
		{4D032D26-C642-47F8-AAC8-A47C4D37AE50}.Release|Any CPU.Build.0 = Release|Any CPU
		{2F5AD65E-4862-4D42-BA88-5A45363C5D0D}.Debug|Any CPU.ActiveCfg = Debug|Any CPU
		{2F5AD65E-4862-4D42-BA88-5A45363C5D0D}.Debug|Any CPU.Build.0 = Debug|Any CPU
		{2F5AD65E-4862-4D42-BA88-5A45363C5D0D}.Release|Any CPU.ActiveCfg = Release|Any CPU
		{2F5AD65E-4862-4D42-BA88-5A45363C5D0D}.Release|Any CPU.Build.0 = Release|Any CPU
	EndGlobalSection
	GlobalSection(SolutionProperties) = preSolution
		HideSolutionNode = FALSE
	EndGlobalSection
	GlobalSection(ExtensibilityGlobals) = postSolution
		SolutionGuid = {F5450FDB-2412-4E5F-8A64-F708CC2D5E09}
	EndGlobalSection
EndGlobal
